
Microsoft Visual Studio Solution File, Format Version 12.00
# Visual Studio Version 17
VisualStudioVersion = 17.0.31903.59
MinimumVisualStudioVersion = 10.0.40219.1
Project("{2150E333-8FDC-42A3-9474-1A3956D46DE8}") = "source", "source", "{16BD03BC-CBA8-4A79-BB24-0BEF70A73ACB}"
EndProject
Project("{FAE04EC0-301F-11D3-BF4B-00C04F79EFBC}") = "Vignette", "source\Vignette\Vignette.csproj", "{3A927F91-5A3B-4230-A467-DD11451DAF7B}"
EndProject
Global
	GlobalSection(SolutionConfigurationPlatforms) = preSolution
		Debug|Any CPU = Debug|Any CPU
		Release|Any CPU = Release|Any CPU
	EndGlobalSection
	GlobalSection(SolutionProperties) = preSolution
		HideSolutionNode = FALSE
	EndGlobalSection
	GlobalSection(ProjectConfigurationPlatforms) = postSolution
		{3A927F91-5A3B-4230-A467-DD11451DAF7B}.Debug|Any CPU.ActiveCfg = Debug|Any CPU
		{3A927F91-5A3B-4230-A467-DD11451DAF7B}.Debug|Any CPU.Build.0 = Debug|Any CPU
		{3A927F91-5A3B-4230-A467-DD11451DAF7B}.Release|Any CPU.ActiveCfg = Release|Any CPU
		{3A927F91-5A3B-4230-A467-DD11451DAF7B}.Release|Any CPU.Build.0 = Release|Any CPU
	EndGlobalSection
	GlobalSection(NestedProjects) = preSolution
		{3A927F91-5A3B-4230-A467-DD11451DAF7B} = {16BD03BC-CBA8-4A79-BB24-0BEF70A73ACB}
	EndGlobalSection
EndGlobal
